// !$*UTF8*$!
{
	archiveVersion = 1;
	classes = {
	};
	objectVersion = 48;
	objects = {

/* Begin PBXBuildFile section */
		7876C0818C3771A2D7F3DBED /* Pods_Todoey.framework in Frameworks */ = {isa = PBXBuildFile; fileRef = 52E7002151E0352FF75B0D49 /* Pods_Todoey.framework */; };
		9F22ACEB2039AD4E001B155C /* AppDelegate.swift in Sources */ = {isa = PBXBuildFile; fileRef = 9F22ACEA2039AD4E001B155C /* AppDelegate.swift */; };
		9F22ACED2039AD4E001B155C /* ToDoListViewController.swift in Sources */ = {isa = PBXBuildFile; fileRef = 9F22ACEC2039AD4E001B155C /* ToDoListViewController.swift */; };
		9F22ACF02039AD4E001B155C /* Main.storyboard in Resources */ = {isa = PBXBuildFile; fileRef = 9F22ACEE2039AD4E001B155C /* Main.storyboard */; };
		9F22ACF22039AD4E001B155C /* Assets.xcassets in Resources */ = {isa = PBXBuildFile; fileRef = 9F22ACF12039AD4E001B155C /* Assets.xcassets */; };
		9F22ACF52039AD4E001B155C /* LaunchScreen.storyboard in Resources */ = {isa = PBXBuildFile; fileRef = 9F22ACF32039AD4E001B155C /* LaunchScreen.storyboard */; };
		9F53DDB12060C7F0008255FF /* DataModel.xcdatamodeld in Sources */ = {isa = PBXBuildFile; fileRef = 9F53DDAF2060C7F0008255FF /* DataModel.xcdatamodeld */; };
		9F73A18B206226D600C08164 /* CategoryViewControllerTableViewController.swift in Sources */ = {isa = PBXBuildFile; fileRef = 9F73A18A206226D600C08164 /* CategoryViewControllerTableViewController.swift */; };
/* End PBXBuildFile section */

/* Begin PBXFileReference section */
		16D7FC8669AEDA40D59AD30D /* Pods-Todoey.release.xcconfig */ = {isa = PBXFileReference; includeInIndex = 1; lastKnownFileType = text.xcconfig; name = "Pods-Todoey.release.xcconfig"; path = "Pods/Target Support Files/Pods-Todoey/Pods-Todoey.release.xcconfig"; sourceTree = "<group>"; };
		2BFAD8F12D8C423DDFC2EE1F /* Pods-Todoey.debug.xcconfig */ = {isa = PBXFileReference; includeInIndex = 1; lastKnownFileType = text.xcconfig; name = "Pods-Todoey.debug.xcconfig"; path = "Pods/Target Support Files/Pods-Todoey/Pods-Todoey.debug.xcconfig"; sourceTree = "<group>"; };
		52E7002151E0352FF75B0D49 /* Pods_Todoey.framework */ = {isa = PBXFileReference; explicitFileType = wrapper.framework; includeInIndex = 0; path = Pods_Todoey.framework; sourceTree = BUILT_PRODUCTS_DIR; };
		9F22ACE72039AD4E001B155C /* Todoey.app */ = {isa = PBXFileReference; explicitFileType = wrapper.application; includeInIndex = 0; path = Todoey.app; sourceTree = BUILT_PRODUCTS_DIR; };
		9F22ACEA2039AD4E001B155C /* AppDelegate.swift */ = {isa = PBXFileReference; lastKnownFileType = sourcecode.swift; path = AppDelegate.swift; sourceTree = "<group>"; };
		9F22ACEC2039AD4E001B155C /* ToDoListViewController.swift */ = {isa = PBXFileReference; lastKnownFileType = sourcecode.swift; path = ToDoListViewController.swift; sourceTree = "<group>"; };
		9F22ACEF2039AD4E001B155C /* Base */ = {isa = PBXFileReference; lastKnownFileType = file.storyboard; name = Base; path = Base.lproj/Main.storyboard; sourceTree = "<group>"; };
		9F22ACF12039AD4E001B155C /* Assets.xcassets */ = {isa = PBXFileReference; lastKnownFileType = folder.assetcatalog; path = Assets.xcassets; sourceTree = "<group>"; };
		9F22ACF42039AD4E001B155C /* Base */ = {isa = PBXFileReference; lastKnownFileType = file.storyboard; name = Base; path = Base.lproj/LaunchScreen.storyboard; sourceTree = "<group>"; };
		9F22ACF62039AD4E001B155C /* Info.plist */ = {isa = PBXFileReference; lastKnownFileType = text.plist.xml; path = Info.plist; sourceTree = "<group>"; };
		9F53DDB02060C7F0008255FF /* DataModel.xcdatamodel */ = {isa = PBXFileReference; lastKnownFileType = wrapper.xcdatamodel; path = DataModel.xcdatamodel; sourceTree = "<group>"; };
		9F73A18A206226D600C08164 /* CategoryViewControllerTableViewController.swift */ = {isa = PBXFileReference; lastKnownFileType = sourcecode.swift; path = CategoryViewControllerTableViewController.swift; sourceTree = "<group>"; };
/* End PBXFileReference section */

/* Begin PBXFrameworksBuildPhase section */
		9F22ACE42039AD4E001B155C /* Frameworks */ = {
			isa = PBXFrameworksBuildPhase;
			buildActionMask = 2147483647;
			files = (
				7876C0818C3771A2D7F3DBED /* Pods_Todoey.framework in Frameworks */,
			);
			runOnlyForDeploymentPostprocessing = 0;
		};
/* End PBXFrameworksBuildPhase section */

/* Begin PBXGroup section */
		28B115EF2836AE22E8DB7A50 /* Pods */ = {
			isa = PBXGroup;
			children = (
				2BFAD8F12D8C423DDFC2EE1F /* Pods-Todoey.debug.xcconfig */,
				16D7FC8669AEDA40D59AD30D /* Pods-Todoey.release.xcconfig */,
			);
			name = Pods;
			sourceTree = "<group>";
		};
		99EA970408EA8F55B1F0CC63 /* Frameworks */ = {
			isa = PBXGroup;
			children = (
				52E7002151E0352FF75B0D49 /* Pods_Todoey.framework */,
			);
			name = Frameworks;
			sourceTree = "<group>";
		};
		9F22ACDE2039AD4E001B155C = {
			isa = PBXGroup;
			children = (
				9F22ACE92039AD4E001B155C /* Todoey */,
				9F22ACE82039AD4E001B155C /* Products */,
				28B115EF2836AE22E8DB7A50 /* Pods */,
				99EA970408EA8F55B1F0CC63 /* Frameworks */,
			);
			sourceTree = "<group>";
		};
		9F22ACE82039AD4E001B155C /* Products */ = {
			isa = PBXGroup;
			children = (
				9F22ACE72039AD4E001B155C /* Todoey.app */,
			);
			name = Products;
			sourceTree = "<group>";
		};
		9F22ACE92039AD4E001B155C /* Todoey */ = {
			isa = PBXGroup;
			children = (
				9F22ACEA2039AD4E001B155C /* AppDelegate.swift */,
				9F22AD0120554316001B155C /* Controllers */,
				9F22AD0220554328001B155C /* Views */,
				9F22AD00205542F4001B155C /* Data Model */,
				9F22AD0320554363001B155C /* Supporting Files */,
				9F22ACF62039AD4E001B155C /* Info.plist */,
			);
			path = Todoey;
			sourceTree = "<group>";
		};
		9F22AD00205542F4001B155C /* Data Model */ = {
			isa = PBXGroup;
			children = (
				9F53DDAF2060C7F0008255FF /* DataModel.xcdatamodeld */,
			);
			path = "Data Model";
			sourceTree = "<group>";
		};
		9F22AD0120554316001B155C /* Controllers */ = {
			isa = PBXGroup;
			children = (
				9F73A18A206226D600C08164 /* CategoryViewControllerTableViewController.swift */,
				9F22ACEC2039AD4E001B155C /* ToDoListViewController.swift */,
			);
			path = Controllers;
			sourceTree = "<group>";
		};
		9F22AD0220554328001B155C /* Views */ = {
			isa = PBXGroup;
			children = (
				9F22ACEE2039AD4E001B155C /* Main.storyboard */,
			);
			path = Views;
			sourceTree = "<group>";
		};
		9F22AD0320554363001B155C /* Supporting Files */ = {
			isa = PBXGroup;
			children = (
				9F22ACF12039AD4E001B155C /* Assets.xcassets */,
				9F22ACF32039AD4E001B155C /* LaunchScreen.storyboard */,
			);
			path = "Supporting Files";
			sourceTree = "<group>";
		};
/* End PBXGroup section */

/* Begin PBXNativeTarget section */
		9F22ACE62039AD4E001B155C /* Todoey */ = {
			isa = PBXNativeTarget;
			buildConfigurationList = 9F22ACF92039AD4E001B155C /* Build configuration list for PBXNativeTarget "Todoey" */;
			buildPhases = (
				910E8B300373E5A44724837C /* [CP] Check Pods Manifest.lock */,
				9F22ACE32039AD4E001B155C /* Sources */,
				9F22ACE42039AD4E001B155C /* Frameworks */,
				9F22ACE52039AD4E001B155C /* Resources */,
				DEAEA78E4E2C2BE59B657C00 /* [CP] Embed Pods Frameworks */,
				F289C4784377E4155EBB9C71 /* [CP] Copy Pods Resources */,
			);
			buildRules = (
			);
			dependencies = (
			);
			name = Todoey;
			productName = Todoey;
			productReference = 9F22ACE72039AD4E001B155C /* Todoey.app */;
			productType = "com.apple.product-type.application";
		};
/* End PBXNativeTarget section */

/* Begin PBXProject section */
		9F22ACDF2039AD4E001B155C /* Project object */ = {
			isa = PBXProject;
			attributes = {
				LastSwiftUpdateCheck = 0920;
				LastUpgradeCheck = 0920;
				ORGANIZATIONNAME = "Ben Shabat";
				TargetAttributes = {
					9F22ACE62039AD4E001B155C = {
						CreatedOnToolsVersion = 9.2;
						ProvisioningStyle = Automatic;
					};
				};
			};
			buildConfigurationList = 9F22ACE22039AD4E001B155C /* Build configuration list for PBXProject "Todoey" */;
			compatibilityVersion = "Xcode 8.0";
			developmentRegion = en;
			hasScannedForEncodings = 0;
			knownRegions = (
				en,
				Base,
			);
			mainGroup = 9F22ACDE2039AD4E001B155C;
			productRefGroup = 9F22ACE82039AD4E001B155C /* Products */;
			projectDirPath = "";
			projectRoot = "";
			targets = (
				9F22ACE62039AD4E001B155C /* Todoey */,
			);
		};
/* End PBXProject section */

/* Begin PBXResourcesBuildPhase section */
		9F22ACE52039AD4E001B155C /* Resources */ = {
			isa = PBXResourcesBuildPhase;
			buildActionMask = 2147483647;
			files = (
				9F22ACF52039AD4E001B155C /* LaunchScreen.storyboard in Resources */,
				9F22ACF22039AD4E001B155C /* Assets.xcassets in Resources */,
				9F22ACF02039AD4E001B155C /* Main.storyboard in Resources */,
			);
			runOnlyForDeploymentPostprocessing = 0;
		};
/* End PBXResourcesBuildPhase section */

/* Begin PBXShellScriptBuildPhase section */
		910E8B300373E5A44724837C /* [CP] Check Pods Manifest.lock */ = {
			isa = PBXShellScriptBuildPhase;
			buildActionMask = 2147483647;
			files = (
			);
			inputPaths = (
				"${PODS_PODFILE_DIR_PATH}/Podfile.lock",
				"${PODS_ROOT}/Manifest.lock",
			);
			name = "[CP] Check Pods Manifest.lock";
			outputPaths = (
				"$(DERIVED_FILE_DIR)/Pods-Todoey-checkManifestLockResult.txt",
			);
			runOnlyForDeploymentPostprocessing = 0;
			shellPath = /bin/sh;
			shellScript = "diff \"${PODS_PODFILE_DIR_PATH}/Podfile.lock\" \"${PODS_ROOT}/Manifest.lock\" > /dev/null\nif [ $? != 0 ] ; then\n    # print error to STDERR\n    echo \"error: The sandbox is not in sync with the Podfile.lock. Run 'pod install' or update your CocoaPods installation.\" >&2\n    exit 1\nfi\n# This output is used by Xcode 'outputs' to avoid re-running this script phase.\necho \"SUCCESS\" > \"${SCRIPT_OUTPUT_FILE_0}\"\n";
			showEnvVarsInLog = 0;
		};
		DEAEA78E4E2C2BE59B657C00 /* [CP] Embed Pods Frameworks */ = {
			isa = PBXShellScriptBuildPhase;
			buildActionMask = 2147483647;
			files = (
			);
			inputPaths = (
				"${SRCROOT}/Pods/Target Support Files/Pods-Todoey/Pods-Todoey-frameworks.sh",
				"${BUILT_PRODUCTS_DIR}/Realm/Realm.framework",
				"${BUILT_PRODUCTS_DIR}/RealmSwift/RealmSwift.framework",
			);
			name = "[CP] Embed Pods Frameworks";
			outputPaths = (
				"${TARGET_BUILD_DIR}/${FRAMEWORKS_FOLDER_PATH}/Realm.framework",
				"${TARGET_BUILD_DIR}/${FRAMEWORKS_FOLDER_PATH}/RealmSwift.framework",
			);
			runOnlyForDeploymentPostprocessing = 0;
			shellPath = /bin/sh;
			shellScript = "\"${SRCROOT}/Pods/Target Support Files/Pods-Todoey/Pods-Todoey-frameworks.sh\"\n";
			showEnvVarsInLog = 0;
		};
		F289C4784377E4155EBB9C71 /* [CP] Copy Pods Resources */ = {
			isa = PBXShellScriptBuildPhase;
			buildActionMask = 2147483647;
			files = (
			);
			inputPaths = (
			);
			name = "[CP] Copy Pods Resources";
			outputPaths = (
			);
			runOnlyForDeploymentPostprocessing = 0;
			shellPath = /bin/sh;
			shellScript = "\"${SRCROOT}/Pods/Target Support Files/Pods-Todoey/Pods-Todoey-resources.sh\"\n";
			showEnvVarsInLog = 0;
		};
/* End PBXShellScriptBuildPhase section */

/* Begin PBXSourcesBuildPhase section */
		9F22ACE32039AD4E001B155C /* Sources */ = {
			isa = PBXSourcesBuildPhase;
			buildActionMask = 2147483647;
			files = (
				9F22ACED2039AD4E001B155C /* ToDoListViewController.swift in Sources */,
				9F53DDB12060C7F0008255FF /* DataModel.xcdatamodeld in Sources */,
				9F73A18B206226D600C08164 /* CategoryViewControllerTableViewController.swift in Sources */,
				9F22ACEB2039AD4E001B155C /* AppDelegate.swift in Sources */,
			);
			runOnlyForDeploymentPostprocessing = 0;
		};
/* End PBXSourcesBuildPhase section */

/* Begin PBXVariantGroup section */
		9F22ACEE2039AD4E001B155C /* Main.storyboard */ = {
			isa = PBXVariantGroup;
			children = (
				9F22ACEF2039AD4E001B155C /* Base */,
			);
			name = Main.storyboard;
			sourceTree = "<group>";
		};
		9F22ACF32039AD4E001B155C /* LaunchScreen.storyboard */ = {
			isa = PBXVariantGroup;
			children = (
				9F22ACF42039AD4E001B155C /* Base */,
			);
			name = LaunchScreen.storyboard;
			sourceTree = "<group>";
		};
/* End PBXVariantGroup section */

/* Begin XCBuildConfiguration section */
		9F22ACF72039AD4E001B155C /* Debug */ = {
			isa = XCBuildConfiguration;
			buildSettings = {
				ALWAYS_SEARCH_USER_PATHS = NO;
				CLANG_ANALYZER_NONNULL = YES;
				CLANG_ANALYZER_NUMBER_OBJECT_CONVERSION = YES_AGGRESSIVE;
				CLANG_CXX_LANGUAGE_STANDARD = "gnu++14";
				CLANG_CXX_LIBRARY = "libc++";
				CLANG_ENABLE_MODULES = YES;
				CLANG_ENABLE_OBJC_ARC = YES;
				CLANG_WARN_BLOCK_CAPTURE_AUTORELEASING = YES;
				CLANG_WARN_BOOL_CONVERSION = YES;
				CLANG_WARN_COMMA = YES;
				CLANG_WARN_CONSTANT_CONVERSION = YES;
				CLANG_WARN_DIRECT_OBJC_ISA_USAGE = YES_ERROR;
				CLANG_WARN_DOCUMENTATION_COMMENTS = YES;
				CLANG_WARN_EMPTY_BODY = YES;
				CLANG_WARN_ENUM_CONVERSION = YES;
				CLANG_WARN_INFINITE_RECURSION = YES;
				CLANG_WARN_INT_CONVERSION = YES;
				CLANG_WARN_NON_LITERAL_NULL_CONVERSION = YES;
				CLANG_WARN_OBJC_LITERAL_CONVERSION = YES;
				CLANG_WARN_OBJC_ROOT_CLASS = YES_ERROR;
				CLANG_WARN_RANGE_LOOP_ANALYSIS = YES;
				CLANG_WARN_STRICT_PROTOTYPES = YES;
				CLANG_WARN_SUSPICIOUS_MOVE = YES;
				CLANG_WARN_UNGUARDED_AVAILABILITY = YES_AGGRESSIVE;
				CLANG_WARN_UNREACHABLE_CODE = YES;
				CLANG_WARN__DUPLICATE_METHOD_MATCH = YES;
				CODE_SIGN_IDENTITY = "iPhone Developer";
				COPY_PHASE_STRIP = NO;
				DEBUG_INFORMATION_FORMAT = dwarf;
				ENABLE_STRICT_OBJC_MSGSEND = YES;
				ENABLE_TESTABILITY = YES;
				GCC_C_LANGUAGE_STANDARD = gnu11;
				GCC_DYNAMIC_NO_PIC = NO;
				GCC_NO_COMMON_BLOCKS = YES;
				GCC_OPTIMIZATION_LEVEL = 0;
				GCC_PREPROCESSOR_DEFINITIONS = (
					"DEBUG=1",
					"$(inherited)",
				);
				GCC_WARN_64_TO_32_BIT_CONVERSION = YES;
				GCC_WARN_ABOUT_RETURN_TYPE = YES_ERROR;
				GCC_WARN_UNDECLARED_SELECTOR = YES;
				GCC_WARN_UNINITIALIZED_AUTOS = YES_AGGRESSIVE;
				GCC_WARN_UNUSED_FUNCTION = YES;
				GCC_WARN_UNUSED_VARIABLE = YES;
				IPHONEOS_DEPLOYMENT_TARGET = 11.2;
				MTL_ENABLE_DEBUG_INFO = YES;
				ONLY_ACTIVE_ARCH = YES;
				SDKROOT = iphoneos;
				SWIFT_ACTIVE_COMPILATION_CONDITIONS = DEBUG;
				SWIFT_OPTIMIZATION_LEVEL = "-Onone";
			};
			name = Debug;
		};
		9F22ACF82039AD4E001B155C /* Release */ = {
			isa = XCBuildConfiguration;
			buildSettings = {
				ALWAYS_SEARCH_USER_PATHS = NO;
				CLANG_ANALYZER_NONNULL = YES;
				CLANG_ANALYZER_NUMBER_OBJECT_CONVERSION = YES_AGGRESSIVE;
				CLANG_CXX_LANGUAGE_STANDARD = "gnu++14";
				CLANG_CXX_LIBRARY = "libc++";
				CLANG_ENABLE_MODULES = YES;
				CLANG_ENABLE_OBJC_ARC = YES;
				CLANG_WARN_BLOCK_CAPTURE_AUTORELEASING = YES;
				CLANG_WARN_BOOL_CONVERSION = YES;
				CLANG_WARN_COMMA = YES;
				CLANG_WARN_CONSTANT_CONVERSION = YES;
				CLANG_WARN_DIRECT_OBJC_ISA_USAGE = YES_ERROR;
				CLANG_WARN_DOCUMENTATION_COMMENTS = YES;
				CLANG_WARN_EMPTY_BODY = YES;
				CLANG_WARN_ENUM_CONVERSION = YES;
				CLANG_WARN_INFINITE_RECURSION = YES;
				CLANG_WARN_INT_CONVERSION = YES;
				CLANG_WARN_NON_LITERAL_NULL_CONVERSION = YES;
				CLANG_WARN_OBJC_LITERAL_CONVERSION = YES;
				CLANG_WARN_OBJC_ROOT_CLASS = YES_ERROR;
				CLANG_WARN_RANGE_LOOP_ANALYSIS = YES;
				CLANG_WARN_STRICT_PROTOTYPES = YES;
				CLANG_WARN_SUSPICIOUS_MOVE = YES;
				CLANG_WARN_UNGUARDED_AVAILABILITY = YES_AGGRESSIVE;
				CLANG_WARN_UNREACHABLE_CODE = YES;
				CLANG_WARN__DUPLICATE_METHOD_MATCH = YES;
				CODE_SIGN_IDENTITY = "iPhone Developer";
				COPY_PHASE_STRIP = NO;
				DEBUG_INFORMATION_FORMAT = "dwarf-with-dsym";
				ENABLE_NS_ASSERTIONS = NO;
				ENABLE_STRICT_OBJC_MSGSEND = YES;
				GCC_C_LANGUAGE_STANDARD = gnu11;
				GCC_NO_COMMON_BLOCKS = YES;
				GCC_WARN_64_TO_32_BIT_CONVERSION = YES;
				GCC_WARN_ABOUT_RETURN_TYPE = YES_ERROR;
				GCC_WARN_UNDECLARED_SELECTOR = YES;
				GCC_WARN_UNINITIALIZED_AUTOS = YES_AGGRESSIVE;
				GCC_WARN_UNUSED_FUNCTION = YES;
				GCC_WARN_UNUSED_VARIABLE = YES;
				IPHONEOS_DEPLOYMENT_TARGET = 11.2;
				MTL_ENABLE_DEBUG_INFO = NO;
				SDKROOT = iphoneos;
				SWIFT_OPTIMIZATION_LEVEL = "-Owholemodule";
				VALIDATE_PRODUCT = YES;
			};
			name = Release;
		};
		9F22ACFA2039AD4E001B155C /* Debug */ = {
			isa = XCBuildConfiguration;
			baseConfigurationReference = 2BFAD8F12D8C423DDFC2EE1F /* Pods-Todoey.debug.xcconfig */;
			buildSettings = {
				ASSETCATALOG_COMPILER_APPICON_NAME = AppIcon;
				CODE_SIGN_STYLE = Automatic;
				DEVELOPMENT_TEAM = YPVT36452C;
				INFOPLIST_FILE = Todoey/Info.plist;
				LD_RUNPATH_SEARCH_PATHS = "$(inherited) @executable_path/Frameworks";
				PRODUCT_BUNDLE_IDENTIFIER = com.benshabat.Todoey;
				PRODUCT_NAME = "$(TARGET_NAME)";
				SWIFT_VERSION = 4.0;
				TARGETED_DEVICE_FAMILY = "1,2";
			};
			name = Debug;
		};
		9F22ACFB2039AD4E001B155C /* Release */ = {
			isa = XCBuildConfiguration;
			baseConfigurationReference = 16D7FC8669AEDA40D59AD30D /* Pods-Todoey.release.xcconfig */;
			buildSettings = {
				ASSETCATALOG_COMPILER_APPICON_NAME = AppIcon;
				CODE_SIGN_STYLE = Automatic;
				DEVELOPMENT_TEAM = YPVT36452C;
				INFOPLIST_FILE = Todoey/Info.plist;
				LD_RUNPATH_SEARCH_PATHS = "$(inherited) @executable_path/Frameworks";
				PRODUCT_BUNDLE_IDENTIFIER = com.benshabat.Todoey;
				PRODUCT_NAME = "$(TARGET_NAME)";
				SWIFT_VERSION = 4.0;
				TARGETED_DEVICE_FAMILY = "1,2";
			};
			name = Release;
		};
/* End XCBuildConfiguration section */

/* Begin XCConfigurationList section */
		9F22ACE22039AD4E001B155C /* Build configuration list for PBXProject "Todoey" */ = {
			isa = XCConfigurationList;
			buildConfigurations = (
				9F22ACF72039AD4E001B155C /* Debug */,
				9F22ACF82039AD4E001B155C /* Release */,
			);
			defaultConfigurationIsVisible = 0;
			defaultConfigurationName = Release;
		};
		9F22ACF92039AD4E001B155C /* Build configuration list for PBXNativeTarget "Todoey" */ = {
			isa = XCConfigurationList;
			buildConfigurations = (
				9F22ACFA2039AD4E001B155C /* Debug */,
				9F22ACFB2039AD4E001B155C /* Release */,
			);
			defaultConfigurationIsVisible = 0;
			defaultConfigurationName = Release;
		};
/* End XCConfigurationList section */

/* Begin XCVersionGroup section */
		9F53DDAF2060C7F0008255FF /* DataModel.xcdatamodeld */ = {
			isa = XCVersionGroup;
			children = (
				9F53DDB02060C7F0008255FF /* DataModel.xcdatamodel */,
			);
			currentVersion = 9F53DDB02060C7F0008255FF /* DataModel.xcdatamodel */;
			path = DataModel.xcdatamodeld;
			sourceTree = "<group>";
			versionGroupType = wrapper.xcdatamodel;
		};
/* End XCVersionGroup section */
	};
	rootObject = 9F22ACDF2039AD4E001B155C /* Project object */;
}
